// !$*UTF8*$!
{
	archiveVersion = 1;
	classes = {
	};
	objectVersion = 56;
	objects = {

/* Begin PBXBuildFile section */
		E91CFBA6296BEEE20080B0B5 /* MainView.swift in Sources */ = {isa = PBXBuildFile; fileRef = E91CFBA5296BEEE20080B0B5 /* MainView.swift */; };
		E97993CF2969BB260016004F /* ReflectionView.swift in Sources */ = {isa = PBXBuildFile; fileRef = E97993CE2969BB260016004F /* ReflectionView.swift */; };
		E97993D12969BB370016004F /* ReflectionDetailView.swift in Sources */ = {isa = PBXBuildFile; fileRef = E97993D02969BB370016004F /* ReflectionDetailView.swift */; };
		E97993D32969BB9D0016004F /* ReflectionViewModel.swift in Sources */ = {isa = PBXBuildFile; fileRef = E97993D22969BB9D0016004F /* ReflectionViewModel.swift */; };
		E97993D52969BDB50016004F /* Reflection.swift in Sources */ = {isa = PBXBuildFile; fileRef = E97993D42969BDB50016004F /* Reflection.swift */; };
		E97993D72969C0C40016004F /* DashboardView.swift in Sources */ = {isa = PBXBuildFile; fileRef = E97993D62969C0C40016004F /* DashboardView.swift */; };
		E97993D92969C1140016004F /* DailyStatusBarView.swift in Sources */ = {isa = PBXBuildFile; fileRef = E97993D82969C1140016004F /* DailyStatusBarView.swift */; };
		E97EF4AF29657B3F00682923 /* Nano2_NimblApp.swift in Sources */ = {isa = PBXBuildFile; fileRef = E97EF4AE29657B3F00682923 /* Nano2_NimblApp.swift */; };
		E97EF4B129657B3F00682923 /* ContentView.swift in Sources */ = {isa = PBXBuildFile; fileRef = E97EF4B029657B3F00682923 /* ContentView.swift */; };
		E97EF4B329657B4000682923 /* Assets.xcassets in Resources */ = {isa = PBXBuildFile; fileRef = E97EF4B229657B4000682923 /* Assets.xcassets */; };
		E97EF4B629657B4000682923 /* Preview Assets.xcassets in Resources */ = {isa = PBXBuildFile; fileRef = E97EF4B529657B4000682923 /* Preview Assets.xcassets */; };
		E97EF4B829657B4000682923 /* Persistence.swift in Sources */ = {isa = PBXBuildFile; fileRef = E97EF4B729657B4000682923 /* Persistence.swift */; };
		E97EF4BB29657B4000682923 /* NimblModel.xcdatamodeld in Sources */ = {isa = PBXBuildFile; fileRef = E97EF4B929657B4000682923 /* NimblModel.xcdatamodeld */; };
		E97EF4C329657B9E00682923 /* LogBookView.swift in Sources */ = {isa = PBXBuildFile; fileRef = E97EF4C229657B9E00682923 /* LogBookView.swift */; };
		E97EF4C629657C0D00682923 /* LogBookViewModel.swift in Sources */ = {isa = PBXBuildFile; fileRef = E97EF4C529657C0D00682923 /* LogBookViewModel.swift */; };
		E97EF4C929657D0E00682923 /* LogBook.swift in Sources */ = {isa = PBXBuildFile; fileRef = E97EF4C829657D0E00682923 /* LogBook.swift */; };
		E97EF4CB2965804400682923 /* CoreDataManager.swift in Sources */ = {isa = PBXBuildFile; fileRef = E97EF4CA2965804400682923 /* CoreDataManager.swift */; };
		E97EF4CE2965875400682923 /* ResourceView.swift in Sources */ = {isa = PBXBuildFile; fileRef = E97EF4CD2965875400682923 /* ResourceView.swift */; };
		E97EF4D02965877800682923 /* ResourceViewModel.swift in Sources */ = {isa = PBXBuildFile; fileRef = E97EF4CF2965877800682923 /* ResourceViewModel.swift */; };
		E97EF4D22965879800682923 /* ResourceDetailView.swift in Sources */ = {isa = PBXBuildFile; fileRef = E97EF4D12965879800682923 /* ResourceDetailView.swift */; };
		E97EF4D5296587D300682923 /* ListItemView.swift in Sources */ = {isa = PBXBuildFile; fileRef = E97EF4D4296587D300682923 /* ListItemView.swift */; };
		E97EF4D72965880700682923 /* Resource.swift in Sources */ = {isa = PBXBuildFile; fileRef = E97EF4D62965880700682923 /* Resource.swift */; };
/* End PBXBuildFile section */

/* Begin PBXFileReference section */
		E91CFBA5296BEEE20080B0B5 /* MainView.swift */ = {isa = PBXFileReference; lastKnownFileType = sourcecode.swift; path = MainView.swift; sourceTree = "<group>"; };
		E97993CE2969BB260016004F /* ReflectionView.swift */ = {isa = PBXFileReference; lastKnownFileType = sourcecode.swift; path = ReflectionView.swift; sourceTree = "<group>"; };
		E97993D02969BB370016004F /* ReflectionDetailView.swift */ = {isa = PBXFileReference; lastKnownFileType = sourcecode.swift; path = ReflectionDetailView.swift; sourceTree = "<group>"; };
		E97993D22969BB9D0016004F /* ReflectionViewModel.swift */ = {isa = PBXFileReference; lastKnownFileType = sourcecode.swift; path = ReflectionViewModel.swift; sourceTree = "<group>"; };
		E97993D42969BDB50016004F /* Reflection.swift */ = {isa = PBXFileReference; lastKnownFileType = sourcecode.swift; path = Reflection.swift; sourceTree = "<group>"; };
		E97993D62969C0C40016004F /* DashboardView.swift */ = {isa = PBXFileReference; lastKnownFileType = sourcecode.swift; path = DashboardView.swift; sourceTree = "<group>"; };
		E97993D82969C1140016004F /* DailyStatusBarView.swift */ = {isa = PBXFileReference; lastKnownFileType = sourcecode.swift; path = DailyStatusBarView.swift; sourceTree = "<group>"; };
		E97EF4AB29657B3F00682923 /* Nano2-Nimbl.app */ = {isa = PBXFileReference; explicitFileType = wrapper.application; includeInIndex = 0; path = "Nano2-Nimbl.app"; sourceTree = BUILT_PRODUCTS_DIR; };
		E97EF4AE29657B3F00682923 /* Nano2_NimblApp.swift */ = {isa = PBXFileReference; lastKnownFileType = sourcecode.swift; path = Nano2_NimblApp.swift; sourceTree = "<group>"; };
		E97EF4B029657B3F00682923 /* ContentView.swift */ = {isa = PBXFileReference; lastKnownFileType = sourcecode.swift; path = ContentView.swift; sourceTree = "<group>"; };
		E97EF4B229657B4000682923 /* Assets.xcassets */ = {isa = PBXFileReference; lastKnownFileType = folder.assetcatalog; path = Assets.xcassets; sourceTree = "<group>"; };
		E97EF4B529657B4000682923 /* Preview Assets.xcassets */ = {isa = PBXFileReference; lastKnownFileType = folder.assetcatalog; path = "Preview Assets.xcassets"; sourceTree = "<group>"; };
		E97EF4B729657B4000682923 /* Persistence.swift */ = {isa = PBXFileReference; lastKnownFileType = sourcecode.swift; path = Persistence.swift; sourceTree = "<group>"; };
		E97EF4BA29657B4000682923 /* Nano2_Nimbl.xcdatamodel */ = {isa = PBXFileReference; lastKnownFileType = wrapper.xcdatamodel; path = Nano2_Nimbl.xcdatamodel; sourceTree = "<group>"; };
		E97EF4C229657B9E00682923 /* LogBookView.swift */ = {isa = PBXFileReference; lastKnownFileType = sourcecode.swift; path = LogBookView.swift; sourceTree = "<group>"; };
		E97EF4C529657C0D00682923 /* LogBookViewModel.swift */ = {isa = PBXFileReference; lastKnownFileType = sourcecode.swift; path = LogBookViewModel.swift; sourceTree = "<group>"; };
		E97EF4C829657D0E00682923 /* LogBook.swift */ = {isa = PBXFileReference; lastKnownFileType = sourcecode.swift; path = LogBook.swift; sourceTree = "<group>"; };
		E97EF4CA2965804400682923 /* CoreDataManager.swift */ = {isa = PBXFileReference; lastKnownFileType = sourcecode.swift; path = CoreDataManager.swift; sourceTree = "<group>"; };
		E97EF4CD2965875400682923 /* ResourceView.swift */ = {isa = PBXFileReference; lastKnownFileType = sourcecode.swift; path = ResourceView.swift; sourceTree = "<group>"; };
		E97EF4CF2965877800682923 /* ResourceViewModel.swift */ = {isa = PBXFileReference; lastKnownFileType = sourcecode.swift; path = ResourceViewModel.swift; sourceTree = "<group>"; };
		E97EF4D12965879800682923 /* ResourceDetailView.swift */ = {isa = PBXFileReference; lastKnownFileType = sourcecode.swift; path = ResourceDetailView.swift; sourceTree = "<group>"; };
		E97EF4D4296587D300682923 /* ListItemView.swift */ = {isa = PBXFileReference; lastKnownFileType = sourcecode.swift; path = ListItemView.swift; sourceTree = "<group>"; };
		E97EF4D62965880700682923 /* Resource.swift */ = {isa = PBXFileReference; lastKnownFileType = sourcecode.swift; path = Resource.swift; sourceTree = "<group>"; };
/* End PBXFileReference section */

/* Begin PBXFrameworksBuildPhase section */
		E97EF4A829657B3F00682923 /* Frameworks */ = {
			isa = PBXFrameworksBuildPhase;
			buildActionMask = 2147483647;
			files = (
			);
			runOnlyForDeploymentPostprocessing = 0;
		};
/* End PBXFrameworksBuildPhase section */

/* Begin PBXGroup section */
		E97993CD2969BAA10016004F /* Reflection */ = {
			isa = PBXGroup;
			children = (
				E97993CE2969BB260016004F /* ReflectionView.swift */,
				E97993D02969BB370016004F /* ReflectionDetailView.swift */,
			);
			path = Reflection;
			sourceTree = "<group>";
		};
		E97EF4A229657B3F00682923 = {
			isa = PBXGroup;
			children = (
				E97EF4AD29657B3F00682923 /* Nano2-Nimbl */,
				E97EF4AC29657B3F00682923 /* Products */,
			);
			sourceTree = "<group>";
		};
		E97EF4AC29657B3F00682923 /* Products */ = {
			isa = PBXGroup;
			children = (
				E97EF4AB29657B3F00682923 /* Nano2-Nimbl.app */,
			);
			name = Products;
			sourceTree = "<group>";
		};
		E97EF4AD29657B3F00682923 /* Nano2-Nimbl */ = {
			isa = PBXGroup;
			children = (
				E97EF4C729657D0500682923 /* Model */,
				E97EF4C429657BFF00682923 /* ViewModel */,
				E97EF4C129657B7C00682923 /* View */,
				E97EF4AE29657B3F00682923 /* Nano2_NimblApp.swift */,
				E97EF4B029657B3F00682923 /* ContentView.swift */,
				E97EF4B229657B4000682923 /* Assets.xcassets */,
				E97EF4B729657B4000682923 /* Persistence.swift */,
				E97EF4B929657B4000682923 /* NimblModel.xcdatamodeld */,
				E97EF4B429657B4000682923 /* Preview Content */,
			);
			path = "Nano2-Nimbl";
			sourceTree = "<group>";
		};
		E97EF4B429657B4000682923 /* Preview Content */ = {
			isa = PBXGroup;
			children = (
				E97EF4B529657B4000682923 /* Preview Assets.xcassets */,
			);
			path = "Preview Content";
			sourceTree = "<group>";
		};
		E97EF4C129657B7C00682923 /* View */ = {
			isa = PBXGroup;
			children = (
				E97993CD2969BAA10016004F /* Reflection */,
				E97EF4D3296587C600682923 /* Component */,
				E97EF4CC2965874200682923 /* Resource */,
				E97EF4C229657B9E00682923 /* LogBookView.swift */,
				E97993D62969C0C40016004F /* DashboardView.swift */,
				E91CFBA5296BEEE20080B0B5 /* MainView.swift */,
			);
			path = View;
			sourceTree = "<group>";
		};
		E97EF4C429657BFF00682923 /* ViewModel */ = {
			isa = PBXGroup;
			children = (
				E97EF4C529657C0D00682923 /* LogBookViewModel.swift */,
				E97EF4CF2965877800682923 /* ResourceViewModel.swift */,
				E97993D22969BB9D0016004F /* ReflectionViewModel.swift */,
			);
			path = ViewModel;
			sourceTree = "<group>";
		};
		E97EF4C729657D0500682923 /* Model */ = {
			isa = PBXGroup;
			children = (
				E97EF4C829657D0E00682923 /* LogBook.swift */,
				E97EF4CA2965804400682923 /* CoreDataManager.swift */,
				E97EF4D62965880700682923 /* Resource.swift */,
				E97993D42969BDB50016004F /* Reflection.swift */,
			);
			path = Model;
			sourceTree = "<group>";
		};
		E97EF4CC2965874200682923 /* Resource */ = {
			isa = PBXGroup;
			children = (
				E97EF4CD2965875400682923 /* ResourceView.swift */,
				E97EF4D12965879800682923 /* ResourceDetailView.swift */,
			);
			path = Resource;
			sourceTree = "<group>";
		};
		E97EF4D3296587C600682923 /* Component */ = {
			isa = PBXGroup;
			children = (
				E97EF4D4296587D300682923 /* ListItemView.swift */,
				E97993D82969C1140016004F /* DailyStatusBarView.swift */,
			);
			path = Component;
			sourceTree = "<group>";
		};
/* End PBXGroup section */

/* Begin PBXNativeTarget section */
		E97EF4AA29657B3F00682923 /* Nano2-Nimbl */ = {
			isa = PBXNativeTarget;
			buildConfigurationList = E97EF4BE29657B4000682923 /* Build configuration list for PBXNativeTarget "Nano2-Nimbl" */;
			buildPhases = (
				E97EF4A729657B3F00682923 /* Sources */,
				E97EF4A829657B3F00682923 /* Frameworks */,
				E97EF4A929657B3F00682923 /* Resources */,
			);
			buildRules = (
			);
			dependencies = (
			);
			name = "Nano2-Nimbl";
			productName = "Nano2-Nimbl";
			productReference = E97EF4AB29657B3F00682923 /* Nano2-Nimbl.app */;
			productType = "com.apple.product-type.application";
		};
/* End PBXNativeTarget section */

/* Begin PBXProject section */
		E97EF4A329657B3F00682923 /* Project object */ = {
			isa = PBXProject;
			attributes = {
				BuildIndependentTargetsInParallel = 1;
				LastSwiftUpdateCheck = 1420;
				LastUpgradeCheck = 1420;
				TargetAttributes = {
					E97EF4AA29657B3F00682923 = {
						CreatedOnToolsVersion = 14.2;
					};
				};
			};
			buildConfigurationList = E97EF4A629657B3F00682923 /* Build configuration list for PBXProject "Nano2-Nimbl" */;
			compatibilityVersion = "Xcode 14.0";
			developmentRegion = en;
			hasScannedForEncodings = 0;
			knownRegions = (
				en,
				Base,
			);
			mainGroup = E97EF4A229657B3F00682923;
			productRefGroup = E97EF4AC29657B3F00682923 /* Products */;
			projectDirPath = "";
			projectRoot = "";
			targets = (
				E97EF4AA29657B3F00682923 /* Nano2-Nimbl */,
			);
		};
/* End PBXProject section */

/* Begin PBXResourcesBuildPhase section */
		E97EF4A929657B3F00682923 /* Resources */ = {
			isa = PBXResourcesBuildPhase;
			buildActionMask = 2147483647;
			files = (
				E97EF4B629657B4000682923 /* Preview Assets.xcassets in Resources */,
				E97EF4B329657B4000682923 /* Assets.xcassets in Resources */,
			);
			runOnlyForDeploymentPostprocessing = 0;
		};
/* End PBXResourcesBuildPhase section */

/* Begin PBXSourcesBuildPhase section */
		E97EF4A729657B3F00682923 /* Sources */ = {
			isa = PBXSourcesBuildPhase;
			buildActionMask = 2147483647;
			files = (
				E97EF4D72965880700682923 /* Resource.swift in Sources */,
				E97993CF2969BB260016004F /* ReflectionView.swift in Sources */,
				E97EF4B829657B4000682923 /* Persistence.swift in Sources */,
				E97EF4D22965879800682923 /* ResourceDetailView.swift in Sources */,
				E97993D12969BB370016004F /* ReflectionDetailView.swift in Sources */,
				E97EF4C929657D0E00682923 /* LogBook.swift in Sources */,
				E97EF4D5296587D300682923 /* ListItemView.swift in Sources */,
				E97EF4CE2965875400682923 /* ResourceView.swift in Sources */,
				E97993D52969BDB50016004F /* Reflection.swift in Sources */,
				E97EF4B129657B3F00682923 /* ContentView.swift in Sources */,
				E97993D92969C1140016004F /* DailyStatusBarView.swift in Sources */,
				E97EF4D02965877800682923 /* ResourceViewModel.swift in Sources */,
				E97EF4AF29657B3F00682923 /* Nano2_NimblApp.swift in Sources */,
				E91CFBA6296BEEE20080B0B5 /* MainView.swift in Sources */,
				E97993D32969BB9D0016004F /* ReflectionViewModel.swift in Sources */,
				E97993D72969C0C40016004F /* DashboardView.swift in Sources */,
				E97EF4BB29657B4000682923 /* NimblModel.xcdatamodeld in Sources */,
				E97EF4C629657C0D00682923 /* LogBookViewModel.swift in Sources */,
				E97EF4CB2965804400682923 /* CoreDataManager.swift in Sources */,
				E97EF4C329657B9E00682923 /* LogBookView.swift in Sources */,
			);
			runOnlyForDeploymentPostprocessing = 0;
		};
/* End PBXSourcesBuildPhase section */

/* Begin XCBuildConfiguration section */
		E97EF4BC29657B4000682923 /* Debug */ = {
			isa = XCBuildConfiguration;
			buildSettings = {
				ALWAYS_SEARCH_USER_PATHS = NO;
				CLANG_ANALYZER_NONNULL = YES;
				CLANG_ANALYZER_NUMBER_OBJECT_CONVERSION = YES_AGGRESSIVE;
				CLANG_CXX_LANGUAGE_STANDARD = "gnu++20";
				CLANG_ENABLE_MODULES = YES;
				CLANG_ENABLE_OBJC_ARC = YES;
				CLANG_ENABLE_OBJC_WEAK = YES;
				CLANG_WARN_BLOCK_CAPTURE_AUTORELEASING = YES;
				CLANG_WARN_BOOL_CONVERSION = YES;
				CLANG_WARN_COMMA = YES;
				CLANG_WARN_CONSTANT_CONVERSION = YES;
				CLANG_WARN_DEPRECATED_OBJC_IMPLEMENTATIONS = YES;
				CLANG_WARN_DIRECT_OBJC_ISA_USAGE = YES_ERROR;
				CLANG_WARN_DOCUMENTATION_COMMENTS = YES;
				CLANG_WARN_EMPTY_BODY = YES;
				CLANG_WARN_ENUM_CONVERSION = YES;
				CLANG_WARN_INFINITE_RECURSION = YES;
				CLANG_WARN_INT_CONVERSION = YES;
				CLANG_WARN_NON_LITERAL_NULL_CONVERSION = YES;
				CLANG_WARN_OBJC_IMPLICIT_RETAIN_SELF = YES;
				CLANG_WARN_OBJC_LITERAL_CONVERSION = YES;
				CLANG_WARN_OBJC_ROOT_CLASS = YES_ERROR;
				CLANG_WARN_QUOTED_INCLUDE_IN_FRAMEWORK_HEADER = YES;
				CLANG_WARN_RANGE_LOOP_ANALYSIS = YES;
				CLANG_WARN_STRICT_PROTOTYPES = YES;
				CLANG_WARN_SUSPICIOUS_MOVE = YES;
				CLANG_WARN_UNGUARDED_AVAILABILITY = YES_AGGRESSIVE;
				CLANG_WARN_UNREACHABLE_CODE = YES;
				CLANG_WARN__DUPLICATE_METHOD_MATCH = YES;
				COPY_PHASE_STRIP = NO;
				DEBUG_INFORMATION_FORMAT = dwarf;
				ENABLE_STRICT_OBJC_MSGSEND = YES;
				ENABLE_TESTABILITY = YES;
				GCC_C_LANGUAGE_STANDARD = gnu11;
				GCC_DYNAMIC_NO_PIC = NO;
				GCC_NO_COMMON_BLOCKS = YES;
				GCC_OPTIMIZATION_LEVEL = 0;
				GCC_PREPROCESSOR_DEFINITIONS = (
					"DEBUG=1",
					"$(inherited)",
				);
				GCC_WARN_64_TO_32_BIT_CONVERSION = YES;
				GCC_WARN_ABOUT_RETURN_TYPE = YES_ERROR;
				GCC_WARN_UNDECLARED_SELECTOR = YES;
				GCC_WARN_UNINITIALIZED_AUTOS = YES_AGGRESSIVE;
				GCC_WARN_UNUSED_FUNCTION = YES;
				GCC_WARN_UNUSED_VARIABLE = YES;
				IPHONEOS_DEPLOYMENT_TARGET = 16.2;
				MTL_ENABLE_DEBUG_INFO = INCLUDE_SOURCE;
				MTL_FAST_MATH = YES;
				ONLY_ACTIVE_ARCH = YES;
				SDKROOT = iphoneos;
				SWIFT_ACTIVE_COMPILATION_CONDITIONS = DEBUG;
				SWIFT_OPTIMIZATION_LEVEL = "-Onone";
			};
			name = Debug;
		};
		E97EF4BD29657B4000682923 /* Release */ = {
			isa = XCBuildConfiguration;
			buildSettings = {
				ALWAYS_SEARCH_USER_PATHS = NO;
				CLANG_ANALYZER_NONNULL = YES;
				CLANG_ANALYZER_NUMBER_OBJECT_CONVERSION = YES_AGGRESSIVE;
				CLANG_CXX_LANGUAGE_STANDARD = "gnu++20";
				CLANG_ENABLE_MODULES = YES;
				CLANG_ENABLE_OBJC_ARC = YES;
				CLANG_ENABLE_OBJC_WEAK = YES;
				CLANG_WARN_BLOCK_CAPTURE_AUTORELEASING = YES;
				CLANG_WARN_BOOL_CONVERSION = YES;
				CLANG_WARN_COMMA = YES;
				CLANG_WARN_CONSTANT_CONVERSION = YES;
				CLANG_WARN_DEPRECATED_OBJC_IMPLEMENTATIONS = YES;
				CLANG_WARN_DIRECT_OBJC_ISA_USAGE = YES_ERROR;
				CLANG_WARN_DOCUMENTATION_COMMENTS = YES;
				CLANG_WARN_EMPTY_BODY = YES;
				CLANG_WARN_ENUM_CONVERSION = YES;
				CLANG_WARN_INFINITE_RECURSION = YES;
				CLANG_WARN_INT_CONVERSION = YES;
				CLANG_WARN_NON_LITERAL_NULL_CONVERSION = YES;
				CLANG_WARN_OBJC_IMPLICIT_RETAIN_SELF = YES;
				CLANG_WARN_OBJC_LITERAL_CONVERSION = YES;
				CLANG_WARN_OBJC_ROOT_CLASS = YES_ERROR;
				CLANG_WARN_QUOTED_INCLUDE_IN_FRAMEWORK_HEADER = YES;
				CLANG_WARN_RANGE_LOOP_ANALYSIS = YES;
				CLANG_WARN_STRICT_PROTOTYPES = YES;
				CLANG_WARN_SUSPICIOUS_MOVE = YES;
				CLANG_WARN_UNGUARDED_AVAILABILITY = YES_AGGRESSIVE;
				CLANG_WARN_UNREACHABLE_CODE = YES;
				CLANG_WARN__DUPLICATE_METHOD_MATCH = YES;
				COPY_PHASE_STRIP = NO;
				DEBUG_INFORMATION_FORMAT = "dwarf-with-dsym";
				ENABLE_NS_ASSERTIONS = NO;
				ENABLE_STRICT_OBJC_MSGSEND = YES;
				GCC_C_LANGUAGE_STANDARD = gnu11;
				GCC_NO_COMMON_BLOCKS = YES;
				GCC_WARN_64_TO_32_BIT_CONVERSION = YES;
				GCC_WARN_ABOUT_RETURN_TYPE = YES_ERROR;
				GCC_WARN_UNDECLARED_SELECTOR = YES;
				GCC_WARN_UNINITIALIZED_AUTOS = YES_AGGRESSIVE;
				GCC_WARN_UNUSED_FUNCTION = YES;
				GCC_WARN_UNUSED_VARIABLE = YES;
				IPHONEOS_DEPLOYMENT_TARGET = 16.2;
				MTL_ENABLE_DEBUG_INFO = NO;
				MTL_FAST_MATH = YES;
				SDKROOT = iphoneos;
				SWIFT_COMPILATION_MODE = wholemodule;
				SWIFT_OPTIMIZATION_LEVEL = "-O";
				VALIDATE_PRODUCT = YES;
			};
			name = Release;
		};
		E97EF4BF29657B4000682923 /* Debug */ = {
			isa = XCBuildConfiguration;
			buildSettings = {
				ASSETCATALOG_COMPILER_APPICON_NAME = AppIcon;
				ASSETCATALOG_COMPILER_GLOBAL_ACCENT_COLOR_NAME = AccentColor;
				CODE_SIGN_STYLE = Automatic;
				CURRENT_PROJECT_VERSION = 1;
				DEVELOPMENT_ASSET_PATHS = "\"Nano2-Nimbl/Preview Content\"";
				DEVELOPMENT_TEAM = MW4P9S2TYV;
				ENABLE_PREVIEWS = YES;
				GENERATE_INFOPLIST_FILE = YES;
				INFOPLIST_KEY_UIApplicationSceneManifest_Generation = YES;
				INFOPLIST_KEY_UIApplicationSupportsIndirectInputEvents = YES;
				INFOPLIST_KEY_UILaunchScreen_Generation = YES;
				INFOPLIST_KEY_UISupportedInterfaceOrientations_iPad = "UIInterfaceOrientationPortrait UIInterfaceOrientationPortraitUpsideDown UIInterfaceOrientationLandscapeLeft UIInterfaceOrientationLandscapeRight";
				INFOPLIST_KEY_UISupportedInterfaceOrientations_iPhone = "UIInterfaceOrientationPortrait UIInterfaceOrientationLandscapeLeft UIInterfaceOrientationLandscapeRight";
				LD_RUNPATH_SEARCH_PATHS = (
					"$(inherited)",
					"@executable_path/Frameworks",
				);
				MARKETING_VERSION = 1.0;
				PRODUCT_BUNDLE_IDENTIFIER = "com.example.Nano2-Nimbl";
				PRODUCT_NAME = "$(TARGET_NAME)";
				SWIFT_EMIT_LOC_STRINGS = YES;
				SWIFT_VERSION = 5.0;
				TARGETED_DEVICE_FAMILY = "1,2";
			};
			name = Debug;
		};
		E97EF4C029657B4000682923 /* Release */ = {
			isa = XCBuildConfiguration;
			buildSettings = {
				ASSETCATALOG_COMPILER_APPICON_NAME = AppIcon;
				ASSETCATALOG_COMPILER_GLOBAL_ACCENT_COLOR_NAME = AccentColor;
				CODE_SIGN_STYLE = Automatic;
				CURRENT_PROJECT_VERSION = 1;
				DEVELOPMENT_ASSET_PATHS = "\"Nano2-Nimbl/Preview Content\"";
				DEVELOPMENT_TEAM = MW4P9S2TYV;
				ENABLE_PREVIEWS = YES;
				GENERATE_INFOPLIST_FILE = YES;
				INFOPLIST_KEY_UIApplicationSceneManifest_Generation = YES;
				INFOPLIST_KEY_UIApplicationSupportsIndirectInputEvents = YES;
				INFOPLIST_KEY_UILaunchScreen_Generation = YES;
				INFOPLIST_KEY_UISupportedInterfaceOrientations_iPad = "UIInterfaceOrientationPortrait UIInterfaceOrientationPortraitUpsideDown UIInterfaceOrientationLandscapeLeft UIInterfaceOrientationLandscapeRight";
				INFOPLIST_KEY_UISupportedInterfaceOrientations_iPhone = "UIInterfaceOrientationPortrait UIInterfaceOrientationLandscapeLeft UIInterfaceOrientationLandscapeRight";
				LD_RUNPATH_SEARCH_PATHS = (
					"$(inherited)",
					"@executable_path/Frameworks",
				);
				MARKETING_VERSION = 1.0;
				PRODUCT_BUNDLE_IDENTIFIER = "com.example.Nano2-Nimbl";
				PRODUCT_NAME = "$(TARGET_NAME)";
				SWIFT_EMIT_LOC_STRINGS = YES;
				SWIFT_VERSION = 5.0;
				TARGETED_DEVICE_FAMILY = "1,2";
			};
			name = Release;
		};
/* End XCBuildConfiguration section */

/* Begin XCConfigurationList section */
		E97EF4A629657B3F00682923 /* Build configuration list for PBXProject "Nano2-Nimbl" */ = {
			isa = XCConfigurationList;
			buildConfigurations = (
				E97EF4BC29657B4000682923 /* Debug */,
				E97EF4BD29657B4000682923 /* Release */,
			);
			defaultConfigurationIsVisible = 0;
			defaultConfigurationName = Release;
		};
		E97EF4BE29657B4000682923 /* Build configuration list for PBXNativeTarget "Nano2-Nimbl" */ = {
			isa = XCConfigurationList;
			buildConfigurations = (
				E97EF4BF29657B4000682923 /* Debug */,
				E97EF4C029657B4000682923 /* Release */,
			);
			defaultConfigurationIsVisible = 0;
			defaultConfigurationName = Release;
		};
/* End XCConfigurationList section */

/* Begin XCVersionGroup section */
		E97EF4B929657B4000682923 /* NimblModel.xcdatamodeld */ = {
			isa = XCVersionGroup;
			children = (
				E97EF4BA29657B4000682923 /* Nano2_Nimbl.xcdatamodel */,
			);
			currentVersion = E97EF4BA29657B4000682923 /* Nano2_Nimbl.xcdatamodel */;
			path = NimblModel.xcdatamodeld;
			sourceTree = "<group>";
			versionGroupType = wrapper.xcdatamodel;
		};
/* End XCVersionGroup section */
	};
	rootObject = E97EF4A329657B3F00682923 /* Project object */;
}
